
Microsoft Visual Studio Solution File, Format Version 12.00
# Visual Studio 15
VisualStudioVersion = 15.0.26124.0
MinimumVisualStudioVersion = 15.0.26124.0
Project("{FAE04EC0-301F-11D3-BF4B-00C04F79EFBC}") = "CONSUMERS", "CONSUMERS\CONSUMERS.csproj", "{895BA23E-D24B-4648-B575-6FF6064DE5B0}"
EndProject
Project("{FAE04EC0-301F-11D3-BF4B-00C04F79EFBC}") = "PRODUCERS", "PRODUCERS\PRODUCERS.csproj", "{546CFCA7-01A3-4224-9359-034ED75C8005}"
EndProject
Global
	GlobalSection(SolutionConfigurationPlatforms) = preSolution
		Debug|Any CPU = Debug|Any CPU
		Debug|x64 = Debug|x64
		Debug|x86 = Debug|x86
		Release|Any CPU = Release|Any CPU
		Release|x64 = Release|x64
		Release|x86 = Release|x86
	EndGlobalSection
	GlobalSection(SolutionProperties) = preSolution
		HideSolutionNode = FALSE
	EndGlobalSection
	GlobalSection(ProjectConfigurationPlatforms) = postSolution
		{895BA23E-D24B-4648-B575-6FF6064DE5B0}.Debug|Any CPU.ActiveCfg = Debug|Any CPU
		{895BA23E-D24B-4648-B575-6FF6064DE5B0}.Debug|Any CPU.Build.0 = Debug|Any CPU
		{895BA23E-D24B-4648-B575-6FF6064DE5B0}.Debug|x64.ActiveCfg = Debug|Any CPU
		{895BA23E-D24B-4648-B575-6FF6064DE5B0}.Debug|x64.Build.0 = Debug|Any CPU
		{895BA23E-D24B-4648-B575-6FF6064DE5B0}.Debug|x86.ActiveCfg = Debug|Any CPU
		{895BA23E-D24B-4648-B575-6FF6064DE5B0}.Debug|x86.Build.0 = Debug|Any CPU
		{895BA23E-D24B-4648-B575-6FF6064DE5B0}.Release|Any CPU.ActiveCfg = Release|Any CPU
		{895BA23E-D24B-4648-B575-6FF6064DE5B0}.Release|Any CPU.Build.0 = Release|Any CPU
		{895BA23E-D24B-4648-B575-6FF6064DE5B0}.Release|x64.ActiveCfg = Release|Any CPU
		{895BA23E-D24B-4648-B575-6FF6064DE5B0}.Release|x64.Build.0 = Release|Any CPU
		{895BA23E-D24B-4648-B575-6FF6064DE5B0}.Release|x86.ActiveCfg = Release|Any CPU
		{895BA23E-D24B-4648-B575-6FF6064DE5B0}.Release|x86.Build.0 = Release|Any CPU
		{546CFCA7-01A3-4224-9359-034ED75C8005}.Debug|Any CPU.ActiveCfg = Debug|Any CPU
		{546CFCA7-01A3-4224-9359-034ED75C8005}.Debug|Any CPU.Build.0 = Debug|Any CPU
		{546CFCA7-01A3-4224-9359-034ED75C8005}.Debug|x64.ActiveCfg = Debug|Any CPU
		{546CFCA7-01A3-4224-9359-034ED75C8005}.Debug|x64.Build.0 = Debug|Any CPU
		{546CFCA7-01A3-4224-9359-034ED75C8005}.Debug|x86.ActiveCfg = Debug|Any CPU
		{546CFCA7-01A3-4224-9359-034ED75C8005}.Debug|x86.Build.0 = Debug|Any CPU
		{546CFCA7-01A3-4224-9359-034ED75C8005}.Release|Any CPU.ActiveCfg = Release|Any CPU
		{546CFCA7-01A3-4224-9359-034ED75C8005}.Release|Any CPU.Build.0 = Release|Any CPU
		{546CFCA7-01A3-4224-9359-034ED75C8005}.Release|x64.ActiveCfg = Release|Any CPU
		{546CFCA7-01A3-4224-9359-034ED75C8005}.Release|x64.Build.0 = Release|Any CPU
		{546CFCA7-01A3-4224-9359-034ED75C8005}.Release|x86.ActiveCfg = Release|Any CPU
		{546CFCA7-01A3-4224-9359-034ED75C8005}.Release|x86.Build.0 = Release|Any CPU
	EndGlobalSection
EndGlobal
